// !$*UTF8*$!
{
	archiveVersion = 1;
	classes = {
	};
	objectVersion = 56;
	objects = {

/* Begin PBXBuildFile section */
		670B71532BEA106900548432 /* LoginView.swift in Sources */ = {isa = PBXBuildFile; fileRef = 670B71522BEA106900548432 /* LoginView.swift */; };
		670B71552BEA108D00548432 /* AuthenticationModel.swift in Sources */ = {isa = PBXBuildFile; fileRef = 670B71542BEA108D00548432 /* AuthenticationModel.swift */; };
		670B71572BEA10A700548432 /* DataProvider.swift in Sources */ = {isa = PBXBuildFile; fileRef = 670B71562BEA10A700548432 /* DataProvider.swift */; };
		670B71592BEA10CB00548432 /* Movie.swift in Sources */ = {isa = PBXBuildFile; fileRef = 670B71582BEA10CB00548432 /* Movie.swift */; };
		670B715B2BEA10D200548432 /* Showtime.swift in Sources */ = {isa = PBXBuildFile; fileRef = 670B715A2BEA10D200548432 /* Showtime.swift */; };
		670B715D2BEA10F700548432 /* RegistrationView.swift in Sources */ = {isa = PBXBuildFile; fileRef = 670B715C2BEA10F700548432 /* RegistrationView.swift */; };
		670B715F2BEA111600548432 /* SelectCinemaView.swift in Sources */ = {isa = PBXBuildFile; fileRef = 670B715E2BEA111600548432 /* SelectCinemaView.swift */; };
		670B71612BEA113600548432 /* SelectMovieView.swift in Sources */ = {isa = PBXBuildFile; fileRef = 670B71602BEA113600548432 /* SelectMovieView.swift */; };
		670B71652BEA116E00548432 /* BookView.swift in Sources */ = {isa = PBXBuildFile; fileRef = 670B71642BEA116E00548432 /* BookView.swift */; };
		670B71672BEA119000548432 /* SelectShowtimeView.swift in Sources */ = {isa = PBXBuildFile; fileRef = 670B71662BEA119000548432 /* SelectShowtimeView.swift */; };
		670B71692BEAE47400548432 /* HomeView.swift in Sources */ = {isa = PBXBuildFile; fileRef = 670B71682BEAE47400548432 /* HomeView.swift */; };
		670B716B2BEAE47D00548432 /* BookInfoView.swift in Sources */ = {isa = PBXBuildFile; fileRef = 670B716A2BEAE47D00548432 /* BookInfoView.swift */; };
		670B716D2BEAE4A400548432 /* BookingHistoryView.swift in Sources */ = {isa = PBXBuildFile; fileRef = 670B716C2BEAE4A400548432 /* BookingHistoryView.swift */; };
		670B716F2BEAE79B00548432 /* User.swift in Sources */ = {isa = PBXBuildFile; fileRef = 670B716E2BEAE79B00548432 /* User.swift */; };
		67C11C682BD7684000A995DC /* MainApp.swift in Sources */ = {isa = PBXBuildFile; fileRef = 67C11C672BD7684000A995DC /* MainApp.swift */; };
		67C11C6C2BD7684200A995DC /* Assets.xcassets in Resources */ = {isa = PBXBuildFile; fileRef = 67C11C6B2BD7684200A995DC /* Assets.xcassets */; };
		67C11C6F2BD7684200A995DC /* Preview Assets.xcassets in Resources */ = {isa = PBXBuildFile; fileRef = 67C11C6E2BD7684200A995DC /* Preview Assets.xcassets */; };
		67C11C792BD7684300A995DC /* _2889Assignment3Tests.swift in Sources */ = {isa = PBXBuildFile; fileRef = 67C11C782BD7684300A995DC /* _2889Assignment3Tests.swift */; };
		67C11C832BD7684300A995DC /* _2889Assignment3UITests.swift in Sources */ = {isa = PBXBuildFile; fileRef = 67C11C822BD7684300A995DC /* _2889Assignment3UITests.swift */; };
		67C11C852BD7684300A995DC /* _2889Assignment3UITestsLaunchTests.swift in Sources */ = {isa = PBXBuildFile; fileRef = 67C11C842BD7684300A995DC /* _2889Assignment3UITestsLaunchTests.swift */; };
		E0CA42582BF1EE8D003CC824 /* FirebaseAuth in Frameworks */ = {isa = PBXBuildFile; productRef = E0CA42572BF1EE8D003CC824 /* FirebaseAuth */; };
		E0CA425A2BF1EE8D003CC824 /* FirebaseDatabase in Frameworks */ = {isa = PBXBuildFile; productRef = E0CA42592BF1EE8D003CC824 /* FirebaseDatabase */; };
		E0CA425C2BF1EE8D003CC824 /* FirebaseFirestore in Frameworks */ = {isa = PBXBuildFile; productRef = E0CA425B2BF1EE8D003CC824 /* FirebaseFirestore */; };
		E0CA425E2BF1EE8D003CC824 /* FirebaseStorage in Frameworks */ = {isa = PBXBuildFile; productRef = E0CA425D2BF1EE8D003CC824 /* FirebaseStorage */; };
		E0CA42662BF1EF51003CC824 /* GoogleService-Info.plist in Resources */ = {isa = PBXBuildFile; fileRef = E0CA42652BF1EF51003CC824 /* GoogleService-Info.plist */; };
		E0CA42682BF1F0A1003CC824 /* BookingDetail.swift in Sources */ = {isa = PBXBuildFile; fileRef = E0CA42672BF1F0A1003CC824 /* BookingDetail.swift */; };
		E0CA426A2BF1F1FE003CC824 /* FirebaseDatabaseSwift in Frameworks */ = {isa = PBXBuildFile; productRef = E0CA42692BF1F1FE003CC824 /* FirebaseDatabaseSwift */; };
		E0CA426C2BF1F2B8003CC824 /* FirebaseAnalytics in Frameworks */ = {isa = PBXBuildFile; productRef = E0CA426B2BF1F2B8003CC824 /* FirebaseAnalytics */; };
		E0CA426E2BF1F2B8003CC824 /* FirebaseAnalyticsOnDeviceConversion in Frameworks */ = {isa = PBXBuildFile; productRef = E0CA426D2BF1F2B8003CC824 /* FirebaseAnalyticsOnDeviceConversion */; };
		E0CA42702BF1F2B8003CC824 /* FirebaseAnalyticsSwift in Frameworks */ = {isa = PBXBuildFile; productRef = E0CA426F2BF1F2B8003CC824 /* FirebaseAnalyticsSwift */; };
		E0CA42722BF1F2B8003CC824 /* FirebaseAnalyticsWithoutAdIdSupport in Frameworks */ = {isa = PBXBuildFile; productRef = E0CA42712BF1F2B8003CC824 /* FirebaseAnalyticsWithoutAdIdSupport */; };
		E0CA42742BF1F2B8003CC824 /* FirebaseAppCheck in Frameworks */ = {isa = PBXBuildFile; productRef = E0CA42732BF1F2B8003CC824 /* FirebaseAppCheck */; };
		E0CA42762BF1F2B8003CC824 /* FirebaseAppDistribution-Beta in Frameworks */ = {isa = PBXBuildFile; productRef = E0CA42752BF1F2B8003CC824 /* FirebaseAppDistribution-Beta */; };
		E0CA42782BF1F2B8003CC824 /* FirebaseAuthCombine-Community in Frameworks */ = {isa = PBXBuildFile; productRef = E0CA42772BF1F2B8003CC824 /* FirebaseAuthCombine-Community */; };
		E0CA427A2BF1F2B8003CC824 /* FirebaseCrashlytics in Frameworks */ = {isa = PBXBuildFile; productRef = E0CA42792BF1F2B8003CC824 /* FirebaseCrashlytics */; };
		E0CA427C2BF1F2B8003CC824 /* FirebaseDynamicLinks in Frameworks */ = {isa = PBXBuildFile; productRef = E0CA427B2BF1F2B8003CC824 /* FirebaseDynamicLinks */; };
		E0CA427E2BF1F2B8003CC824 /* FirebaseFirestoreCombine-Community in Frameworks */ = {isa = PBXBuildFile; productRef = E0CA427D2BF1F2B8003CC824 /* FirebaseFirestoreCombine-Community */; };
		E0CA42802BF1F2B8003CC824 /* FirebaseFirestoreSwift in Frameworks */ = {isa = PBXBuildFile; productRef = E0CA427F2BF1F2B8003CC824 /* FirebaseFirestoreSwift */; };
		E0CA42822BF1F2B8003CC824 /* FirebaseFunctions in Frameworks */ = {isa = PBXBuildFile; productRef = E0CA42812BF1F2B8003CC824 /* FirebaseFunctions */; };
		E0CA42842BF1F2B8003CC824 /* FirebaseFunctionsCombine-Community in Frameworks */ = {isa = PBXBuildFile; productRef = E0CA42832BF1F2B8003CC824 /* FirebaseFunctionsCombine-Community */; };
		E0CA42862BF1F2B8003CC824 /* FirebaseInAppMessaging-Beta in Frameworks */ = {isa = PBXBuildFile; productRef = E0CA42852BF1F2B8003CC824 /* FirebaseInAppMessaging-Beta */; };
		E0CA42882BF1F2B8003CC824 /* FirebaseInAppMessagingSwift-Beta in Frameworks */ = {isa = PBXBuildFile; productRef = E0CA42872BF1F2B8003CC824 /* FirebaseInAppMessagingSwift-Beta */; };
		E0CA428A2BF1F2B8003CC824 /* FirebaseInstallations in Frameworks */ = {isa = PBXBuildFile; productRef = E0CA42892BF1F2B8003CC824 /* FirebaseInstallations */; };
		E0CA428C2BF1F2B8003CC824 /* FirebaseMLModelDownloader in Frameworks */ = {isa = PBXBuildFile; productRef = E0CA428B2BF1F2B8003CC824 /* FirebaseMLModelDownloader */; };
		E0CA428E2BF1F2B8003CC824 /* FirebaseMessaging in Frameworks */ = {isa = PBXBuildFile; productRef = E0CA428D2BF1F2B8003CC824 /* FirebaseMessaging */; };
		E0CA42902BF1F2B8003CC824 /* FirebasePerformance in Frameworks */ = {isa = PBXBuildFile; productRef = E0CA428F2BF1F2B8003CC824 /* FirebasePerformance */; };
		E0CA42922BF1F2B8003CC824 /* FirebaseRemoteConfig in Frameworks */ = {isa = PBXBuildFile; productRef = E0CA42912BF1F2B8003CC824 /* FirebaseRemoteConfig */; };
		E0CA42942BF1F2B8003CC824 /* FirebaseRemoteConfigSwift in Frameworks */ = {isa = PBXBuildFile; productRef = E0CA42932BF1F2B8003CC824 /* FirebaseRemoteConfigSwift */; };
		E0CA42962BF1F2B8003CC824 /* FirebaseStorageCombine-Community in Frameworks */ = {isa = PBXBuildFile; productRef = E0CA42952BF1F2B8003CC824 /* FirebaseStorageCombine-Community */; };
/* End PBXBuildFile section */

/* Begin PBXContainerItemProxy section */
		67C11C752BD7684300A995DC /* PBXContainerItemProxy */ = {
			isa = PBXContainerItemProxy;
			containerPortal = 67C11C5C2BD7684000A995DC /* Project object */;
			proxyType = 1;
			remoteGlobalIDString = 67C11C632BD7684000A995DC;
			remoteInfo = 42889Assignment3;
		};
		67C11C7F2BD7684300A995DC /* PBXContainerItemProxy */ = {
			isa = PBXContainerItemProxy;
			containerPortal = 67C11C5C2BD7684000A995DC /* Project object */;
			proxyType = 1;
			remoteGlobalIDString = 67C11C632BD7684000A995DC;
			remoteInfo = 42889Assignment3;
		};
/* End PBXContainerItemProxy section */

/* Begin PBXFileReference section */
		670B71522BEA106900548432 /* LoginView.swift */ = {isa = PBXFileReference; lastKnownFileType = sourcecode.swift; path = LoginView.swift; sourceTree = "<group>"; };
		670B71542BEA108D00548432 /* AuthenticationModel.swift */ = {isa = PBXFileReference; lastKnownFileType = sourcecode.swift; path = AuthenticationModel.swift; sourceTree = "<group>"; };
		670B71562BEA10A700548432 /* DataProvider.swift */ = {isa = PBXFileReference; lastKnownFileType = sourcecode.swift; path = DataProvider.swift; sourceTree = "<group>"; };
		670B71582BEA10CB00548432 /* Movie.swift */ = {isa = PBXFileReference; lastKnownFileType = sourcecode.swift; path = Movie.swift; sourceTree = "<group>"; };
		670B715A2BEA10D200548432 /* Showtime.swift */ = {isa = PBXFileReference; lastKnownFileType = sourcecode.swift; path = Showtime.swift; sourceTree = "<group>"; };
		670B715C2BEA10F700548432 /* RegistrationView.swift */ = {isa = PBXFileReference; lastKnownFileType = sourcecode.swift; path = RegistrationView.swift; sourceTree = "<group>"; };
		670B715E2BEA111600548432 /* SelectCinemaView.swift */ = {isa = PBXFileReference; lastKnownFileType = sourcecode.swift; path = SelectCinemaView.swift; sourceTree = "<group>"; };
		670B71602BEA113600548432 /* SelectMovieView.swift */ = {isa = PBXFileReference; lastKnownFileType = sourcecode.swift; path = SelectMovieView.swift; sourceTree = "<group>"; };
		670B71642BEA116E00548432 /* BookView.swift */ = {isa = PBXFileReference; lastKnownFileType = sourcecode.swift; path = BookView.swift; sourceTree = "<group>"; };
		670B71662BEA119000548432 /* SelectShowtimeView.swift */ = {isa = PBXFileReference; lastKnownFileType = sourcecode.swift; path = SelectShowtimeView.swift; sourceTree = "<group>"; };
		670B71682BEAE47400548432 /* HomeView.swift */ = {isa = PBXFileReference; lastKnownFileType = sourcecode.swift; path = HomeView.swift; sourceTree = "<group>"; };
		670B716A2BEAE47D00548432 /* BookInfoView.swift */ = {isa = PBXFileReference; lastKnownFileType = sourcecode.swift; path = BookInfoView.swift; sourceTree = "<group>"; };
		670B716C2BEAE4A400548432 /* BookingHistoryView.swift */ = {isa = PBXFileReference; lastKnownFileType = sourcecode.swift; path = BookingHistoryView.swift; sourceTree = "<group>"; };
		670B716E2BEAE79B00548432 /* User.swift */ = {isa = PBXFileReference; lastKnownFileType = sourcecode.swift; path = User.swift; sourceTree = "<group>"; };
		67C11C642BD7684000A995DC /* 42889Assignment3.app */ = {isa = PBXFileReference; explicitFileType = wrapper.application; includeInIndex = 0; path = 42889Assignment3.app; sourceTree = BUILT_PRODUCTS_DIR; };
		67C11C672BD7684000A995DC /* MainApp.swift */ = {isa = PBXFileReference; lastKnownFileType = sourcecode.swift; path = MainApp.swift; sourceTree = "<group>"; };
		67C11C6B2BD7684200A995DC /* Assets.xcassets */ = {isa = PBXFileReference; lastKnownFileType = folder.assetcatalog; path = Assets.xcassets; sourceTree = "<group>"; };
		67C11C6E2BD7684200A995DC /* Preview Assets.xcassets */ = {isa = PBXFileReference; lastKnownFileType = folder.assetcatalog; path = "Preview Assets.xcassets"; sourceTree = "<group>"; };
		67C11C742BD7684300A995DC /* 42889Assignment3Tests.xctest */ = {isa = PBXFileReference; explicitFileType = wrapper.cfbundle; includeInIndex = 0; path = 42889Assignment3Tests.xctest; sourceTree = BUILT_PRODUCTS_DIR; };
		67C11C782BD7684300A995DC /* _2889Assignment3Tests.swift */ = {isa = PBXFileReference; lastKnownFileType = sourcecode.swift; path = _2889Assignment3Tests.swift; sourceTree = "<group>"; };
		67C11C7E2BD7684300A995DC /* 42889Assignment3UITests.xctest */ = {isa = PBXFileReference; explicitFileType = wrapper.cfbundle; includeInIndex = 0; path = 42889Assignment3UITests.xctest; sourceTree = BUILT_PRODUCTS_DIR; };
		67C11C822BD7684300A995DC /* _2889Assignment3UITests.swift */ = {isa = PBXFileReference; lastKnownFileType = sourcecode.swift; path = _2889Assignment3UITests.swift; sourceTree = "<group>"; };
		67C11C842BD7684300A995DC /* _2889Assignment3UITestsLaunchTests.swift */ = {isa = PBXFileReference; lastKnownFileType = sourcecode.swift; path = _2889Assignment3UITestsLaunchTests.swift; sourceTree = "<group>"; };
		E0CA42652BF1EF51003CC824 /* GoogleService-Info.plist */ = {isa = PBXFileReference; fileEncoding = 4; lastKnownFileType = text.plist.xml; path = "GoogleService-Info.plist"; sourceTree = "<group>"; };
		E0CA42672BF1F0A1003CC824 /* BookingDetail.swift */ = {isa = PBXFileReference; lastKnownFileType = sourcecode.swift; path = BookingDetail.swift; sourceTree = "<group>"; };
/* End PBXFileReference section */

/* Begin PBXFrameworksBuildPhase section */
		67C11C612BD7684000A995DC /* Frameworks */ = {
			isa = PBXFrameworksBuildPhase;
			buildActionMask = 2147483647;
			files = (
				E0CA42822BF1F2B8003CC824 /* FirebaseFunctions in Frameworks */,
				E0CA426A2BF1F1FE003CC824 /* FirebaseDatabaseSwift in Frameworks */,
				E0CA42882BF1F2B8003CC824 /* FirebaseInAppMessagingSwift-Beta in Frameworks */,
				E0CA428E2BF1F2B8003CC824 /* FirebaseMessaging in Frameworks */,
				E0CA425A2BF1EE8D003CC824 /* FirebaseDatabase in Frameworks */,
				E0CA426C2BF1F2B8003CC824 /* FirebaseAnalytics in Frameworks */,
				E0CA427E2BF1F2B8003CC824 /* FirebaseFirestoreCombine-Community in Frameworks */,
				E0CA426E2BF1F2B8003CC824 /* FirebaseAnalyticsOnDeviceConversion in Frameworks */,
				E0CA428C2BF1F2B8003CC824 /* FirebaseMLModelDownloader in Frameworks */,
				E0CA42702BF1F2B8003CC824 /* FirebaseAnalyticsSwift in Frameworks */,
				E0CA427C2BF1F2B8003CC824 /* FirebaseDynamicLinks in Frameworks */,
				E0CA42802BF1F2B8003CC824 /* FirebaseFirestoreSwift in Frameworks */,
				E0CA425E2BF1EE8D003CC824 /* FirebaseStorage in Frameworks */,
				E0CA42582BF1EE8D003CC824 /* FirebaseAuth in Frameworks */,
				E0CA42902BF1F2B8003CC824 /* FirebasePerformance in Frameworks */,
				E0CA42862BF1F2B8003CC824 /* FirebaseInAppMessaging-Beta in Frameworks */,
				E0CA42962BF1F2B8003CC824 /* FirebaseStorageCombine-Community in Frameworks */,
				E0CA42842BF1F2B8003CC824 /* FirebaseFunctionsCombine-Community in Frameworks */,
				E0CA42782BF1F2B8003CC824 /* FirebaseAuthCombine-Community in Frameworks */,
				E0CA428A2BF1F2B8003CC824 /* FirebaseInstallations in Frameworks */,
				E0CA42922BF1F2B8003CC824 /* FirebaseRemoteConfig in Frameworks */,
				E0CA42722BF1F2B8003CC824 /* FirebaseAnalyticsWithoutAdIdSupport in Frameworks */,
				E0CA427A2BF1F2B8003CC824 /* FirebaseCrashlytics in Frameworks */,
				E0CA42742BF1F2B8003CC824 /* FirebaseAppCheck in Frameworks */,
				E0CA42762BF1F2B8003CC824 /* FirebaseAppDistribution-Beta in Frameworks */,
				E0CA425C2BF1EE8D003CC824 /* FirebaseFirestore in Frameworks */,
				E0CA42942BF1F2B8003CC824 /* FirebaseRemoteConfigSwift in Frameworks */,
			);
			runOnlyForDeploymentPostprocessing = 0;
		};
		67C11C712BD7684300A995DC /* Frameworks */ = {
			isa = PBXFrameworksBuildPhase;
			buildActionMask = 2147483647;
			files = (
			);
			runOnlyForDeploymentPostprocessing = 0;
		};
		67C11C7B2BD7684300A995DC /* Frameworks */ = {
			isa = PBXFrameworksBuildPhase;
			buildActionMask = 2147483647;
			files = (
			);
			runOnlyForDeploymentPostprocessing = 0;
		};
/* End PBXFrameworksBuildPhase section */

/* Begin PBXGroup section */
		67C11C5B2BD7684000A995DC = {
			isa = PBXGroup;
			children = (
				67C11C662BD7684000A995DC /* 42889Assignment3 */,
				67C11C772BD7684300A995DC /* 42889Assignment3Tests */,
				67C11C812BD7684300A995DC /* 42889Assignment3UITests */,
				67C11C652BD7684000A995DC /* Products */,
			);
			sourceTree = "<group>";
		};
		67C11C652BD7684000A995DC /* Products */ = {
			isa = PBXGroup;
			children = (
				67C11C642BD7684000A995DC /* 42889Assignment3.app */,
				67C11C742BD7684300A995DC /* 42889Assignment3Tests.xctest */,
				67C11C7E2BD7684300A995DC /* 42889Assignment3UITests.xctest */,
			);
			name = Products;
			sourceTree = "<group>";
		};
		67C11C662BD7684000A995DC /* 42889Assignment3 */ = {
			isa = PBXGroup;
			children = (
				670B71562BEA10A700548432 /* DataProvider.swift */,
				67C11C672BD7684000A995DC /* MainApp.swift */,
				670B71542BEA108D00548432 /* AuthenticationModel.swift */,
				E0CA425F2BF1EECD003CC824 /* View */,
				E0CA42602BF1EF0D003CC824 /* Model */,
				67C11C6B2BD7684200A995DC /* Assets.xcassets */,
				E0CA42652BF1EF51003CC824 /* GoogleService-Info.plist */,
				67C11C6D2BD7684200A995DC /* Preview Content */,
			);
			path = 42889Assignment3;
			sourceTree = "<group>";
		};
		67C11C6D2BD7684200A995DC /* Preview Content */ = {
			isa = PBXGroup;
			children = (
				67C11C6E2BD7684200A995DC /* Preview Assets.xcassets */,
			);
			path = "Preview Content";
			sourceTree = "<group>";
		};
		67C11C772BD7684300A995DC /* 42889Assignment3Tests */ = {
			isa = PBXGroup;
			children = (
				67C11C782BD7684300A995DC /* _2889Assignment3Tests.swift */,
			);
			path = 42889Assignment3Tests;
			sourceTree = "<group>";
		};
		67C11C812BD7684300A995DC /* 42889Assignment3UITests */ = {
			isa = PBXGroup;
			children = (
				67C11C822BD7684300A995DC /* _2889Assignment3UITests.swift */,
				67C11C842BD7684300A995DC /* _2889Assignment3UITestsLaunchTests.swift */,
			);
			path = 42889Assignment3UITests;
			sourceTree = "<group>";
		};
		E0CA425F2BF1EECD003CC824 /* View */ = {
			isa = PBXGroup;
			children = (
				670B71522BEA106900548432 /* LoginView.swift */,
				670B715E2BEA111600548432 /* SelectCinemaView.swift */,
				670B71602BEA113600548432 /* SelectMovieView.swift */,
				670B71662BEA119000548432 /* SelectShowtimeView.swift */,
				670B715C2BEA10F700548432 /* RegistrationView.swift */,
				670B71642BEA116E00548432 /* BookView.swift */,
				670B71682BEAE47400548432 /* HomeView.swift */,
				670B716C2BEAE4A400548432 /* BookingHistoryView.swift */,
				670B716A2BEAE47D00548432 /* BookInfoView.swift */,
			);
			path = View;
			sourceTree = "<group>";
		};
		E0CA42602BF1EF0D003CC824 /* Model */ = {
			isa = PBXGroup;
			children = (
				670B71582BEA10CB00548432 /* Movie.swift */,
				670B716E2BEAE79B00548432 /* User.swift */,
				670B715A2BEA10D200548432 /* Showtime.swift */,
				E0CA42672BF1F0A1003CC824 /* BookingDetail.swift */,
			);
			path = Model;
			sourceTree = "<group>";
		};
/* End PBXGroup section */

/* Begin PBXNativeTarget section */
		67C11C632BD7684000A995DC /* 42889Assignment3 */ = {
			isa = PBXNativeTarget;
			buildConfigurationList = 67C11C882BD7684300A995DC /* Build configuration list for PBXNativeTarget "42889Assignment3" */;
			buildPhases = (
				67C11C602BD7684000A995DC /* Sources */,
				67C11C612BD7684000A995DC /* Frameworks */,
				67C11C622BD7684000A995DC /* Resources */,
			);
			buildRules = (
			);
			dependencies = (
			);
			name = 42889Assignment3;
			packageProductDependencies = (
				E0CA42572BF1EE8D003CC824 /* FirebaseAuth */,
				E0CA42592BF1EE8D003CC824 /* FirebaseDatabase */,
				E0CA425B2BF1EE8D003CC824 /* FirebaseFirestore */,
				E0CA425D2BF1EE8D003CC824 /* FirebaseStorage */,
				E0CA42692BF1F1FE003CC824 /* FirebaseDatabaseSwift */,
				E0CA426B2BF1F2B8003CC824 /* FirebaseAnalytics */,
				E0CA426D2BF1F2B8003CC824 /* FirebaseAnalyticsOnDeviceConversion */,
				E0CA426F2BF1F2B8003CC824 /* FirebaseAnalyticsSwift */,
				E0CA42712BF1F2B8003CC824 /* FirebaseAnalyticsWithoutAdIdSupport */,
				E0CA42732BF1F2B8003CC824 /* FirebaseAppCheck */,
				E0CA42752BF1F2B8003CC824 /* FirebaseAppDistribution-Beta */,
				E0CA42772BF1F2B8003CC824 /* FirebaseAuthCombine-Community */,
				E0CA42792BF1F2B8003CC824 /* FirebaseCrashlytics */,
				E0CA427B2BF1F2B8003CC824 /* FirebaseDynamicLinks */,
				E0CA427D2BF1F2B8003CC824 /* FirebaseFirestoreCombine-Community */,
				E0CA427F2BF1F2B8003CC824 /* FirebaseFirestoreSwift */,
				E0CA42812BF1F2B8003CC824 /* FirebaseFunctions */,
				E0CA42832BF1F2B8003CC824 /* FirebaseFunctionsCombine-Community */,
				E0CA42852BF1F2B8003CC824 /* FirebaseInAppMessaging-Beta */,
				E0CA42872BF1F2B8003CC824 /* FirebaseInAppMessagingSwift-Beta */,
				E0CA42892BF1F2B8003CC824 /* FirebaseInstallations */,
				E0CA428B2BF1F2B8003CC824 /* FirebaseMLModelDownloader */,
				E0CA428D2BF1F2B8003CC824 /* FirebaseMessaging */,
				E0CA428F2BF1F2B8003CC824 /* FirebasePerformance */,
				E0CA42912BF1F2B8003CC824 /* FirebaseRemoteConfig */,
				E0CA42932BF1F2B8003CC824 /* FirebaseRemoteConfigSwift */,
				E0CA42952BF1F2B8003CC824 /* FirebaseStorageCombine-Community */,
			);
			productName = 42889Assignment3;
			productReference = 67C11C642BD7684000A995DC /* 42889Assignment3.app */;
			productType = "com.apple.product-type.application";
		};
		67C11C732BD7684300A995DC /* 42889Assignment3Tests */ = {
			isa = PBXNativeTarget;
			buildConfigurationList = 67C11C8B2BD7684300A995DC /* Build configuration list for PBXNativeTarget "42889Assignment3Tests" */;
			buildPhases = (
				67C11C702BD7684300A995DC /* Sources */,
				67C11C712BD7684300A995DC /* Frameworks */,
				67C11C722BD7684300A995DC /* Resources */,
			);
			buildRules = (
			);
			dependencies = (
				67C11C762BD7684300A995DC /* PBXTargetDependency */,
			);
			name = 42889Assignment3Tests;
			productName = 42889Assignment3Tests;
			productReference = 67C11C742BD7684300A995DC /* 42889Assignment3Tests.xctest */;
			productType = "com.apple.product-type.bundle.unit-test";
		};
		67C11C7D2BD7684300A995DC /* 42889Assignment3UITests */ = {
			isa = PBXNativeTarget;
			buildConfigurationList = 67C11C8E2BD7684300A995DC /* Build configuration list for PBXNativeTarget "42889Assignment3UITests" */;
			buildPhases = (
				67C11C7A2BD7684300A995DC /* Sources */,
				67C11C7B2BD7684300A995DC /* Frameworks */,
				67C11C7C2BD7684300A995DC /* Resources */,
			);
			buildRules = (
			);
			dependencies = (
				67C11C802BD7684300A995DC /* PBXTargetDependency */,
			);
			name = 42889Assignment3UITests;
			productName = 42889Assignment3UITests;
			productReference = 67C11C7E2BD7684300A995DC /* 42889Assignment3UITests.xctest */;
			productType = "com.apple.product-type.bundle.ui-testing";
		};
/* End PBXNativeTarget section */

/* Begin PBXProject section */
		67C11C5C2BD7684000A995DC /* Project object */ = {
			isa = PBXProject;
			attributes = {
				BuildIndependentTargetsInParallel = 1;
				LastSwiftUpdateCheck = 1520;
				LastUpgradeCheck = 1520;
				TargetAttributes = {
					67C11C632BD7684000A995DC = {
						CreatedOnToolsVersion = 15.2;
					};
					67C11C732BD7684300A995DC = {
						CreatedOnToolsVersion = 15.2;
						TestTargetID = 67C11C632BD7684000A995DC;
					};
					67C11C7D2BD7684300A995DC = {
						CreatedOnToolsVersion = 15.2;
						TestTargetID = 67C11C632BD7684000A995DC;
					};
				};
			};
			buildConfigurationList = 67C11C5F2BD7684000A995DC /* Build configuration list for PBXProject "42889Assignment3" */;
			compatibilityVersion = "Xcode 14.0";
			developmentRegion = en;
			hasScannedForEncodings = 0;
			knownRegions = (
				en,
				Base,
			);
			mainGroup = 67C11C5B2BD7684000A995DC;
			packageReferences = (
				E0CA42562BF1EE8D003CC824 /* XCRemoteSwiftPackageReference "firebase-ios-sdk" */,
			);
			productRefGroup = 67C11C652BD7684000A995DC /* Products */;
			projectDirPath = "";
			projectRoot = "";
			targets = (
				67C11C632BD7684000A995DC /* 42889Assignment3 */,
				67C11C732BD7684300A995DC /* 42889Assignment3Tests */,
				67C11C7D2BD7684300A995DC /* 42889Assignment3UITests */,
			);
		};
/* End PBXProject section */

/* Begin PBXResourcesBuildPhase section */
		67C11C622BD7684000A995DC /* Resources */ = {
			isa = PBXResourcesBuildPhase;
			buildActionMask = 2147483647;
			files = (
				67C11C6F2BD7684200A995DC /* Preview Assets.xcassets in Resources */,
				67C11C6C2BD7684200A995DC /* Assets.xcassets in Resources */,
				E0CA42662BF1EF51003CC824 /* GoogleService-Info.plist in Resources */,
			);
			runOnlyForDeploymentPostprocessing = 0;
		};
		67C11C722BD7684300A995DC /* Resources */ = {
			isa = PBXResourcesBuildPhase;
			buildActionMask = 2147483647;
			files = (
			);
			runOnlyForDeploymentPostprocessing = 0;
		};
		67C11C7C2BD7684300A995DC /* Resources */ = {
			isa = PBXResourcesBuildPhase;
			buildActionMask = 2147483647;
			files = (
			);
			runOnlyForDeploymentPostprocessing = 0;
		};
/* End PBXResourcesBuildPhase section */

/* Begin PBXSourcesBuildPhase section */
		67C11C602BD7684000A995DC /* Sources */ = {
			isa = PBXSourcesBuildPhase;
			buildActionMask = 2147483647;
			files = (
				670B715B2BEA10D200548432 /* Showtime.swift in Sources */,
				670B71532BEA106900548432 /* LoginView.swift in Sources */,
				670B716D2BEAE4A400548432 /* BookingHistoryView.swift in Sources */,
				670B71692BEAE47400548432 /* HomeView.swift in Sources */,
				670B716F2BEAE79B00548432 /* User.swift in Sources */,
				670B71552BEA108D00548432 /* AuthenticationModel.swift in Sources */,
				670B71672BEA119000548432 /* SelectShowtimeView.swift in Sources */,
				670B71652BEA116E00548432 /* BookView.swift in Sources */,
				E0CA42682BF1F0A1003CC824 /* BookingDetail.swift in Sources */,
				670B715F2BEA111600548432 /* SelectCinemaView.swift in Sources */,
				670B71592BEA10CB00548432 /* Movie.swift in Sources */,
				670B71572BEA10A700548432 /* DataProvider.swift in Sources */,
				670B71612BEA113600548432 /* SelectMovieView.swift in Sources */,
				67C11C682BD7684000A995DC /* MainApp.swift in Sources */,
				670B715D2BEA10F700548432 /* RegistrationView.swift in Sources */,
				670B716B2BEAE47D00548432 /* BookInfoView.swift in Sources */,
			);
			runOnlyForDeploymentPostprocessing = 0;
		};
		67C11C702BD7684300A995DC /* Sources */ = {
			isa = PBXSourcesBuildPhase;
			buildActionMask = 2147483647;
			files = (
				67C11C792BD7684300A995DC /* _2889Assignment3Tests.swift in Sources */,
			);
			runOnlyForDeploymentPostprocessing = 0;
		};
		67C11C7A2BD7684300A995DC /* Sources */ = {
			isa = PBXSourcesBuildPhase;
			buildActionMask = 2147483647;
			files = (
				67C11C852BD7684300A995DC /* _2889Assignment3UITestsLaunchTests.swift in Sources */,
				67C11C832BD7684300A995DC /* _2889Assignment3UITests.swift in Sources */,
			);
			runOnlyForDeploymentPostprocessing = 0;
		};
/* End PBXSourcesBuildPhase section */

/* Begin PBXTargetDependency section */
		67C11C762BD7684300A995DC /* PBXTargetDependency */ = {
			isa = PBXTargetDependency;
			target = 67C11C632BD7684000A995DC /* 42889Assignment3 */;
			targetProxy = 67C11C752BD7684300A995DC /* PBXContainerItemProxy */;
		};
		67C11C802BD7684300A995DC /* PBXTargetDependency */ = {
			isa = PBXTargetDependency;
			target = 67C11C632BD7684000A995DC /* 42889Assignment3 */;
			targetProxy = 67C11C7F2BD7684300A995DC /* PBXContainerItemProxy */;
		};
/* End PBXTargetDependency section */

/* Begin XCBuildConfiguration section */
		67C11C862BD7684300A995DC /* Debug */ = {
			isa = XCBuildConfiguration;
			buildSettings = {
				ALWAYS_SEARCH_USER_PATHS = NO;
				ASSETCATALOG_COMPILER_GENERATE_SWIFT_ASSET_SYMBOL_EXTENSIONS = YES;
				CLANG_ANALYZER_NONNULL = YES;
				CLANG_ANALYZER_NUMBER_OBJECT_CONVERSION = YES_AGGRESSIVE;
				CLANG_CXX_LANGUAGE_STANDARD = "gnu++20";
				CLANG_ENABLE_MODULES = YES;
				CLANG_ENABLE_OBJC_ARC = YES;
				CLANG_ENABLE_OBJC_WEAK = YES;
				CLANG_WARN_BLOCK_CAPTURE_AUTORELEASING = YES;
				CLANG_WARN_BOOL_CONVERSION = YES;
				CLANG_WARN_COMMA = YES;
				CLANG_WARN_CONSTANT_CONVERSION = YES;
				CLANG_WARN_DEPRECATED_OBJC_IMPLEMENTATIONS = YES;
				CLANG_WARN_DIRECT_OBJC_ISA_USAGE = YES_ERROR;
				CLANG_WARN_DOCUMENTATION_COMMENTS = YES;
				CLANG_WARN_EMPTY_BODY = YES;
				CLANG_WARN_ENUM_CONVERSION = YES;
				CLANG_WARN_INFINITE_RECURSION = YES;
				CLANG_WARN_INT_CONVERSION = YES;
				CLANG_WARN_NON_LITERAL_NULL_CONVERSION = YES;
				CLANG_WARN_OBJC_IMPLICIT_RETAIN_SELF = YES;
				CLANG_WARN_OBJC_LITERAL_CONVERSION = YES;
				CLANG_WARN_OBJC_ROOT_CLASS = YES_ERROR;
				CLANG_WARN_QUOTED_INCLUDE_IN_FRAMEWORK_HEADER = YES;
				CLANG_WARN_RANGE_LOOP_ANALYSIS = YES;
				CLANG_WARN_STRICT_PROTOTYPES = YES;
				CLANG_WARN_SUSPICIOUS_MOVE = YES;
				CLANG_WARN_UNGUARDED_AVAILABILITY = YES_AGGRESSIVE;
				CLANG_WARN_UNREACHABLE_CODE = YES;
				CLANG_WARN__DUPLICATE_METHOD_MATCH = YES;
				COPY_PHASE_STRIP = NO;
				DEBUG_INFORMATION_FORMAT = dwarf;
				ENABLE_STRICT_OBJC_MSGSEND = YES;
				ENABLE_TESTABILITY = YES;
				ENABLE_USER_SCRIPT_SANDBOXING = YES;
				GCC_C_LANGUAGE_STANDARD = gnu17;
				GCC_DYNAMIC_NO_PIC = NO;
				GCC_NO_COMMON_BLOCKS = YES;
				GCC_OPTIMIZATION_LEVEL = 0;
				GCC_PREPROCESSOR_DEFINITIONS = (
					"DEBUG=1",
					"$(inherited)",
				);
				GCC_WARN_64_TO_32_BIT_CONVERSION = YES;
				GCC_WARN_ABOUT_RETURN_TYPE = YES_ERROR;
				GCC_WARN_UNDECLARED_SELECTOR = YES;
				GCC_WARN_UNINITIALIZED_AUTOS = YES_AGGRESSIVE;
				GCC_WARN_UNUSED_FUNCTION = YES;
				GCC_WARN_UNUSED_VARIABLE = YES;
				IPHONEOS_DEPLOYMENT_TARGET = 17.2;
				LOCALIZATION_PREFERS_STRING_CATALOGS = YES;
				MTL_ENABLE_DEBUG_INFO = INCLUDE_SOURCE;
				MTL_FAST_MATH = YES;
				ONLY_ACTIVE_ARCH = YES;
				SDKROOT = iphoneos;
				SWIFT_ACTIVE_COMPILATION_CONDITIONS = "DEBUG $(inherited)";
				SWIFT_OPTIMIZATION_LEVEL = "-Onone";
			};
			name = Debug;
		};
		67C11C872BD7684300A995DC /* Release */ = {
			isa = XCBuildConfiguration;
			buildSettings = {
				ALWAYS_SEARCH_USER_PATHS = NO;
				ASSETCATALOG_COMPILER_GENERATE_SWIFT_ASSET_SYMBOL_EXTENSIONS = YES;
				CLANG_ANALYZER_NONNULL = YES;
				CLANG_ANALYZER_NUMBER_OBJECT_CONVERSION = YES_AGGRESSIVE;
				CLANG_CXX_LANGUAGE_STANDARD = "gnu++20";
				CLANG_ENABLE_MODULES = YES;
				CLANG_ENABLE_OBJC_ARC = YES;
				CLANG_ENABLE_OBJC_WEAK = YES;
				CLANG_WARN_BLOCK_CAPTURE_AUTORELEASING = YES;
				CLANG_WARN_BOOL_CONVERSION = YES;
				CLANG_WARN_COMMA = YES;
				CLANG_WARN_CONSTANT_CONVERSION = YES;
				CLANG_WARN_DEPRECATED_OBJC_IMPLEMENTATIONS = YES;
				CLANG_WARN_DIRECT_OBJC_ISA_USAGE = YES_ERROR;
				CLANG_WARN_DOCUMENTATION_COMMENTS = YES;
				CLANG_WARN_EMPTY_BODY = YES;
				CLANG_WARN_ENUM_CONVERSION = YES;
				CLANG_WARN_INFINITE_RECURSION = YES;
				CLANG_WARN_INT_CONVERSION = YES;
				CLANG_WARN_NON_LITERAL_NULL_CONVERSION = YES;
				CLANG_WARN_OBJC_IMPLICIT_RETAIN_SELF = YES;
				CLANG_WARN_OBJC_LITERAL_CONVERSION = YES;
				CLANG_WARN_OBJC_ROOT_CLASS = YES_ERROR;
				CLANG_WARN_QUOTED_INCLUDE_IN_FRAMEWORK_HEADER = YES;
				CLANG_WARN_RANGE_LOOP_ANALYSIS = YES;
				CLANG_WARN_STRICT_PROTOTYPES = YES;
				CLANG_WARN_SUSPICIOUS_MOVE = YES;
				CLANG_WARN_UNGUARDED_AVAILABILITY = YES_AGGRESSIVE;
				CLANG_WARN_UNREACHABLE_CODE = YES;
				CLANG_WARN__DUPLICATE_METHOD_MATCH = YES;
				COPY_PHASE_STRIP = NO;
				DEBUG_INFORMATION_FORMAT = "dwarf-with-dsym";
				ENABLE_NS_ASSERTIONS = NO;
				ENABLE_STRICT_OBJC_MSGSEND = YES;
				ENABLE_USER_SCRIPT_SANDBOXING = YES;
				GCC_C_LANGUAGE_STANDARD = gnu17;
				GCC_NO_COMMON_BLOCKS = YES;
				GCC_WARN_64_TO_32_BIT_CONVERSION = YES;
				GCC_WARN_ABOUT_RETURN_TYPE = YES_ERROR;
				GCC_WARN_UNDECLARED_SELECTOR = YES;
				GCC_WARN_UNINITIALIZED_AUTOS = YES_AGGRESSIVE;
				GCC_WARN_UNUSED_FUNCTION = YES;
				GCC_WARN_UNUSED_VARIABLE = YES;
				IPHONEOS_DEPLOYMENT_TARGET = 17.2;
				LOCALIZATION_PREFERS_STRING_CATALOGS = YES;
				MTL_ENABLE_DEBUG_INFO = NO;
				MTL_FAST_MATH = YES;
				SDKROOT = iphoneos;
				SWIFT_COMPILATION_MODE = wholemodule;
				VALIDATE_PRODUCT = YES;
			};
			name = Release;
		};
		67C11C892BD7684300A995DC /* Debug */ = {
			isa = XCBuildConfiguration;
			buildSettings = {
				ASSETCATALOG_COMPILER_APPICON_NAME = AppIcon;
				ASSETCATALOG_COMPILER_GLOBAL_ACCENT_COLOR_NAME = AccentColor;
				CODE_SIGN_STYLE = Automatic;
				CURRENT_PROJECT_VERSION = 1;
				DEVELOPMENT_ASSET_PATHS = "\"42889Assignment3/Preview Content\"";
				DEVELOPMENT_TEAM = 93XMY5W2U9;
				ENABLE_PREVIEWS = YES;
				GENERATE_INFOPLIST_FILE = YES;
				INFOPLIST_KEY_UIApplicationSceneManifest_Generation = YES;
				INFOPLIST_KEY_UIApplicationSupportsIndirectInputEvents = YES;
				INFOPLIST_KEY_UILaunchScreen_Generation = YES;
				INFOPLIST_KEY_UISupportedInterfaceOrientations_iPad = "UIInterfaceOrientationPortrait UIInterfaceOrientationPortraitUpsideDown UIInterfaceOrientationLandscapeLeft UIInterfaceOrientationLandscapeRight";
				INFOPLIST_KEY_UISupportedInterfaceOrientations_iPhone = "UIInterfaceOrientationPortrait UIInterfaceOrientationLandscapeLeft UIInterfaceOrientationLandscapeRight";
				LD_RUNPATH_SEARCH_PATHS = (
					"$(inherited)",
					"@executable_path/Frameworks",
				);
				MARKETING_VERSION = 1.0;
				PRODUCT_BUNDLE_IDENTIFIER = com.cn.xiaoyu;
				PRODUCT_NAME = "$(TARGET_NAME)";
				SWIFT_EMIT_LOC_STRINGS = YES;
				SWIFT_VERSION = 5.0;
				TARGETED_DEVICE_FAMILY = "1,2";
			};
			name = Debug;
		};
		67C11C8A2BD7684300A995DC /* Release */ = {
			isa = XCBuildConfiguration;
			buildSettings = {
				ASSETCATALOG_COMPILER_APPICON_NAME = AppIcon;
				ASSETCATALOG_COMPILER_GLOBAL_ACCENT_COLOR_NAME = AccentColor;
				CODE_SIGN_STYLE = Automatic;
				CURRENT_PROJECT_VERSION = 1;
				DEVELOPMENT_ASSET_PATHS = "\"42889Assignment3/Preview Content\"";
				DEVELOPMENT_TEAM = 93XMY5W2U9;
				ENABLE_PREVIEWS = YES;
				GENERATE_INFOPLIST_FILE = YES;
				INFOPLIST_KEY_UIApplicationSceneManifest_Generation = YES;
				INFOPLIST_KEY_UIApplicationSupportsIndirectInputEvents = YES;
				INFOPLIST_KEY_UILaunchScreen_Generation = YES;
				INFOPLIST_KEY_UISupportedInterfaceOrientations_iPad = "UIInterfaceOrientationPortrait UIInterfaceOrientationPortraitUpsideDown UIInterfaceOrientationLandscapeLeft UIInterfaceOrientationLandscapeRight";
				INFOPLIST_KEY_UISupportedInterfaceOrientations_iPhone = "UIInterfaceOrientationPortrait UIInterfaceOrientationLandscapeLeft UIInterfaceOrientationLandscapeRight";
				LD_RUNPATH_SEARCH_PATHS = (
					"$(inherited)",
					"@executable_path/Frameworks",
				);
				MARKETING_VERSION = 1.0;
				PRODUCT_BUNDLE_IDENTIFIER = com.cn.xiaoyu;
				PRODUCT_NAME = "$(TARGET_NAME)";
				SWIFT_EMIT_LOC_STRINGS = YES;
				SWIFT_VERSION = 5.0;
				TARGETED_DEVICE_FAMILY = "1,2";
			};
			name = Release;
		};
		67C11C8C2BD7684300A995DC /* Debug */ = {
			isa = XCBuildConfiguration;
			buildSettings = {
				ALWAYS_EMBED_SWIFT_STANDARD_LIBRARIES = YES;
				BUNDLE_LOADER = "$(TEST_HOST)";
				CODE_SIGN_STYLE = Automatic;
				CURRENT_PROJECT_VERSION = 1;
				GENERATE_INFOPLIST_FILE = YES;
				IPHONEOS_DEPLOYMENT_TARGET = 17.2;
				MARKETING_VERSION = 1.0;
				PRODUCT_BUNDLE_IDENTIFIER = "-.-2889Assignment3Tests";
				PRODUCT_NAME = "$(TARGET_NAME)";
				SWIFT_EMIT_LOC_STRINGS = NO;
				SWIFT_VERSION = 5.0;
				TARGETED_DEVICE_FAMILY = "1,2";
				TEST_HOST = "$(BUILT_PRODUCTS_DIR)/42889Assignment3.app/$(BUNDLE_EXECUTABLE_FOLDER_PATH)/42889Assignment3";
			};
			name = Debug;
		};
		67C11C8D2BD7684300A995DC /* Release */ = {
			isa = XCBuildConfiguration;
			buildSettings = {
				ALWAYS_EMBED_SWIFT_STANDARD_LIBRARIES = YES;
				BUNDLE_LOADER = "$(TEST_HOST)";
				CODE_SIGN_STYLE = Automatic;
				CURRENT_PROJECT_VERSION = 1;
				GENERATE_INFOPLIST_FILE = YES;
				IPHONEOS_DEPLOYMENT_TARGET = 17.2;
				MARKETING_VERSION = 1.0;
				PRODUCT_BUNDLE_IDENTIFIER = "-.-2889Assignment3Tests";
				PRODUCT_NAME = "$(TARGET_NAME)";
				SWIFT_EMIT_LOC_STRINGS = NO;
				SWIFT_VERSION = 5.0;
				TARGETED_DEVICE_FAMILY = "1,2";
				TEST_HOST = "$(BUILT_PRODUCTS_DIR)/42889Assignment3.app/$(BUNDLE_EXECUTABLE_FOLDER_PATH)/42889Assignment3";
			};
			name = Release;
		};
		67C11C8F2BD7684300A995DC /* Debug */ = {
			isa = XCBuildConfiguration;
			buildSettings = {
				ALWAYS_EMBED_SWIFT_STANDARD_LIBRARIES = YES;
				CODE_SIGN_STYLE = Automatic;
				CURRENT_PROJECT_VERSION = 1;
				GENERATE_INFOPLIST_FILE = YES;
				MARKETING_VERSION = 1.0;
				PRODUCT_BUNDLE_IDENTIFIER = "-.-2889Assignment3UITests";
				PRODUCT_NAME = "$(TARGET_NAME)";
				SWIFT_EMIT_LOC_STRINGS = NO;
				SWIFT_VERSION = 5.0;
				TARGETED_DEVICE_FAMILY = "1,2";
				TEST_TARGET_NAME = 42889Assignment3;
			};
			name = Debug;
		};
		67C11C902BD7684300A995DC /* Release */ = {
			isa = XCBuildConfiguration;
			buildSettings = {
				ALWAYS_EMBED_SWIFT_STANDARD_LIBRARIES = YES;
				CODE_SIGN_STYLE = Automatic;
				CURRENT_PROJECT_VERSION = 1;
				GENERATE_INFOPLIST_FILE = YES;
				MARKETING_VERSION = 1.0;
				PRODUCT_BUNDLE_IDENTIFIER = "-.-2889Assignment3UITests";
				PRODUCT_NAME = "$(TARGET_NAME)";
				SWIFT_EMIT_LOC_STRINGS = NO;
				SWIFT_VERSION = 5.0;
				TARGETED_DEVICE_FAMILY = "1,2";
				TEST_TARGET_NAME = 42889Assignment3;
			};
			name = Release;
		};
/* End XCBuildConfiguration section */

/* Begin XCConfigurationList section */
		67C11C5F2BD7684000A995DC /* Build configuration list for PBXProject "42889Assignment3" */ = {
			isa = XCConfigurationList;
			buildConfigurations = (
				67C11C862BD7684300A995DC /* Debug */,
				67C11C872BD7684300A995DC /* Release */,
			);
			defaultConfigurationIsVisible = 0;
			defaultConfigurationName = Release;
		};
		67C11C882BD7684300A995DC /* Build configuration list for PBXNativeTarget "42889Assignment3" */ = {
			isa = XCConfigurationList;
			buildConfigurations = (
				67C11C892BD7684300A995DC /* Debug */,
				67C11C8A2BD7684300A995DC /* Release */,
			);
			defaultConfigurationIsVisible = 0;
			defaultConfigurationName = Release;
		};
		67C11C8B2BD7684300A995DC /* Build configuration list for PBXNativeTarget "42889Assignment3Tests" */ = {
			isa = XCConfigurationList;
			buildConfigurations = (
				67C11C8C2BD7684300A995DC /* Debug */,
				67C11C8D2BD7684300A995DC /* Release */,
			);
			defaultConfigurationIsVisible = 0;
			defaultConfigurationName = Release;
		};
		67C11C8E2BD7684300A995DC /* Build configuration list for PBXNativeTarget "42889Assignment3UITests" */ = {
			isa = XCConfigurationList;
			buildConfigurations = (
				67C11C8F2BD7684300A995DC /* Debug */,
				67C11C902BD7684300A995DC /* Release */,
			);
			defaultConfigurationIsVisible = 0;
			defaultConfigurationName = Release;
		};
/* End XCConfigurationList section */

/* Begin XCRemoteSwiftPackageReference section */
		E0CA42562BF1EE8D003CC824 /* XCRemoteSwiftPackageReference "firebase-ios-sdk" */ = {
			isa = XCRemoteSwiftPackageReference;
			repositoryURL = "https://github.com/firebase/firebase-ios-sdk.git";
			requirement = {
				kind = upToNextMajorVersion;
				minimumVersion = 10.25.0;
			};
		};
/* End XCRemoteSwiftPackageReference section */

/* Begin XCSwiftPackageProductDependency section */
		E0CA42572BF1EE8D003CC824 /* FirebaseAuth */ = {
			isa = XCSwiftPackageProductDependency;
			package = E0CA42562BF1EE8D003CC824 /* XCRemoteSwiftPackageReference "firebase-ios-sdk" */;
			productName = FirebaseAuth;
		};
		E0CA42592BF1EE8D003CC824 /* FirebaseDatabase */ = {
			isa = XCSwiftPackageProductDependency;
			package = E0CA42562BF1EE8D003CC824 /* XCRemoteSwiftPackageReference "firebase-ios-sdk" */;
			productName = FirebaseDatabase;
		};
		E0CA425B2BF1EE8D003CC824 /* FirebaseFirestore */ = {
			isa = XCSwiftPackageProductDependency;
			package = E0CA42562BF1EE8D003CC824 /* XCRemoteSwiftPackageReference "firebase-ios-sdk" */;
			productName = FirebaseFirestore;
		};
		E0CA425D2BF1EE8D003CC824 /* FirebaseStorage */ = {
			isa = XCSwiftPackageProductDependency;
			package = E0CA42562BF1EE8D003CC824 /* XCRemoteSwiftPackageReference "firebase-ios-sdk" */;
			productName = FirebaseStorage;
		};
		E0CA42692BF1F1FE003CC824 /* FirebaseDatabaseSwift */ = {
			isa = XCSwiftPackageProductDependency;
			package = E0CA42562BF1EE8D003CC824 /* XCRemoteSwiftPackageReference "firebase-ios-sdk" */;
			productName = FirebaseDatabaseSwift;
		};
		E0CA426B2BF1F2B8003CC824 /* FirebaseAnalytics */ = {
			isa = XCSwiftPackageProductDependency;
			package = E0CA42562BF1EE8D003CC824 /* XCRemoteSwiftPackageReference "firebase-ios-sdk" */;
			productName = FirebaseAnalytics;
		};
		E0CA426D2BF1F2B8003CC824 /* FirebaseAnalyticsOnDeviceConversion */ = {
			isa = XCSwiftPackageProductDependency;
			package = E0CA42562BF1EE8D003CC824 /* XCRemoteSwiftPackageReference "firebase-ios-sdk" */;
			productName = FirebaseAnalyticsOnDeviceConversion;
		};
		E0CA426F2BF1F2B8003CC824 /* FirebaseAnalyticsSwift */ = {
			isa = XCSwiftPackageProductDependency;
			package = E0CA42562BF1EE8D003CC824 /* XCRemoteSwiftPackageReference "firebase-ios-sdk" */;
			productName = FirebaseAnalyticsSwift;
		};
		E0CA42712BF1F2B8003CC824 /* FirebaseAnalyticsWithoutAdIdSupport */ = {
			isa = XCSwiftPackageProductDependency;
			package = E0CA42562BF1EE8D003CC824 /* XCRemoteSwiftPackageReference "firebase-ios-sdk" */;
			productName = FirebaseAnalyticsWithoutAdIdSupport;
		};
		E0CA42732BF1F2B8003CC824 /* FirebaseAppCheck */ = {
			isa = XCSwiftPackageProductDependency;
			package = E0CA42562BF1EE8D003CC824 /* XCRemoteSwiftPackageReference "firebase-ios-sdk" */;
			productName = FirebaseAppCheck;
		};
		E0CA42752BF1F2B8003CC824 /* FirebaseAppDistribution-Beta */ = {
			isa = XCSwiftPackageProductDependency;
			package = E0CA42562BF1EE8D003CC824 /* XCRemoteSwiftPackageReference "firebase-ios-sdk" */;
			productName = "FirebaseAppDistribution-Beta";
		};
		E0CA42772BF1F2B8003CC824 /* FirebaseAuthCombine-Community */ = {
			isa = XCSwiftPackageProductDependency;
			package = E0CA42562BF1EE8D003CC824 /* XCRemoteSwiftPackageReference "firebase-ios-sdk" */;
			productName = "FirebaseAuthCombine-Community";
		};
		E0CA42792BF1F2B8003CC824 /* FirebaseCrashlytics */ = {
			isa = XCSwiftPackageProductDependency;
			package = E0CA42562BF1EE8D003CC824 /* XCRemoteSwiftPackageReference "firebase-ios-sdk" */;
			productName = FirebaseCrashlytics;
		};
		E0CA427B2BF1F2B8003CC824 /* FirebaseDynamicLinks */ = {
			isa = XCSwiftPackageProductDependency;
			package = E0CA42562BF1EE8D003CC824 /* XCRemoteSwiftPackageReference "firebase-ios-sdk" */;
			productName = FirebaseDynamicLinks;
		};
		E0CA427D2BF1F2B8003CC824 /* FirebaseFirestoreCombine-Community */ = {
			isa = XCSwiftPackageProductDependency;
			package = E0CA42562BF1EE8D003CC824 /* XCRemoteSwiftPackageReference "firebase-ios-sdk" */;
			productName = "FirebaseFirestoreCombine-Community";
		};
		E0CA427F2BF1F2B8003CC824 /* FirebaseFirestoreSwift */ = {
			isa = XCSwiftPackageProductDependency;
			package = E0CA42562BF1EE8D003CC824 /* XCRemoteSwiftPackageReference "firebase-ios-sdk" */;
			productName = FirebaseFirestoreSwift;
		};
		E0CA42812BF1F2B8003CC824 /* FirebaseFunctions */ = {
			isa = XCSwiftPackageProductDependency;
			package = E0CA42562BF1EE8D003CC824 /* XCRemoteSwiftPackageReference "firebase-ios-sdk" */;
			productName = FirebaseFunctions;
		};
		E0CA42832BF1F2B8003CC824 /* FirebaseFunctionsCombine-Community */ = {
			isa = XCSwiftPackageProductDependency;
			package = E0CA42562BF1EE8D003CC824 /* XCRemoteSwiftPackageReference "firebase-ios-sdk" */;
			productName = "FirebaseFunctionsCombine-Community";
		};
		E0CA42852BF1F2B8003CC824 /* FirebaseInAppMessaging-Beta */ = {
			isa = XCSwiftPackageProductDependency;
			package = E0CA42562BF1EE8D003CC824 /* XCRemoteSwiftPackageReference "firebase-ios-sdk" */;
			productName = "FirebaseInAppMessaging-Beta";
		};
		E0CA42872BF1F2B8003CC824 /* FirebaseInAppMessagingSwift-Beta */ = {
			isa = XCSwiftPackageProductDependency;
			package = E0CA42562BF1EE8D003CC824 /* XCRemoteSwiftPackageReference "firebase-ios-sdk" */;
			productName = "FirebaseInAppMessagingSwift-Beta";
		};
		E0CA42892BF1F2B8003CC824 /* FirebaseInstallations */ = {
			isa = XCSwiftPackageProductDependency;
			package = E0CA42562BF1EE8D003CC824 /* XCRemoteSwiftPackageReference "firebase-ios-sdk" */;
			productName = FirebaseInstallations;
		};
		E0CA428B2BF1F2B8003CC824 /* FirebaseMLModelDownloader */ = {
			isa = XCSwiftPackageProductDependency;
			package = E0CA42562BF1EE8D003CC824 /* XCRemoteSwiftPackageReference "firebase-ios-sdk" */;
			productName = FirebaseMLModelDownloader;
		};
		E0CA428D2BF1F2B8003CC824 /* FirebaseMessaging */ = {
			isa = XCSwiftPackageProductDependency;
			package = E0CA42562BF1EE8D003CC824 /* XCRemoteSwiftPackageReference "firebase-ios-sdk" */;
			productName = FirebaseMessaging;
		};
		E0CA428F2BF1F2B8003CC824 /* FirebasePerformance */ = {
			isa = XCSwiftPackageProductDependency;
			package = E0CA42562BF1EE8D003CC824 /* XCRemoteSwiftPackageReference "firebase-ios-sdk" */;
			productName = FirebasePerformance;
		};
		E0CA42912BF1F2B8003CC824 /* FirebaseRemoteConfig */ = {
			isa = XCSwiftPackageProductDependency;
			package = E0CA42562BF1EE8D003CC824 /* XCRemoteSwiftPackageReference "firebase-ios-sdk" */;
			productName = FirebaseRemoteConfig;
		};
		E0CA42932BF1F2B8003CC824 /* FirebaseRemoteConfigSwift */ = {
			isa = XCSwiftPackageProductDependency;
			package = E0CA42562BF1EE8D003CC824 /* XCRemoteSwiftPackageReference "firebase-ios-sdk" */;
			productName = FirebaseRemoteConfigSwift;
		};
		E0CA42952BF1F2B8003CC824 /* FirebaseStorageCombine-Community */ = {
			isa = XCSwiftPackageProductDependency;
			package = E0CA42562BF1EE8D003CC824 /* XCRemoteSwiftPackageReference "firebase-ios-sdk" */;
			productName = "FirebaseStorageCombine-Community";
		};
/* End XCSwiftPackageProductDependency section */
	};
	rootObject = 67C11C5C2BD7684000A995DC /* Project object */;
}
